
Microsoft Visual Studio Solution File, Format Version 12.00
# Visual Studio 15
VisualStudioVersion = 15.0.27428.2015
MinimumVisualStudioVersion = 10.0.40219.1
Project("{FAE04EC0-301F-11D3-BF4B-00C04F79EFBC}") = "ConnectFour", "ConnectFour\ConnectFour.csproj", "{7DFC9528-C5F6-4992-9108-7F4DA9FFDD6E}"
EndProject
Global
	GlobalSection(SolutionConfigurationPlatforms) = preSolution
		Debug|Any CPU = Debug|Any CPU
		Release|Any CPU = Release|Any CPU
	EndGlobalSection
	GlobalSection(ProjectConfigurationPlatforms) = postSolution
		{7DFC9528-C5F6-4992-9108-7F4DA9FFDD6E}.Debug|Any CPU.ActiveCfg = Debug|Any CPU
		{7DFC9528-C5F6-4992-9108-7F4DA9FFDD6E}.Debug|Any CPU.Build.0 = Debug|Any CPU
		{7DFC9528-C5F6-4992-9108-7F4DA9FFDD6E}.Release|Any CPU.ActiveCfg = Release|Any CPU
		{7DFC9528-C5F6-4992-9108-7F4DA9FFDD6E}.Release|Any CPU.Build.0 = Release|Any CPU
	EndGlobalSection
	GlobalSection(SolutionProperties) = preSolution
		HideSolutionNode = FALSE
	EndGlobalSection
	GlobalSection(ExtensibilityGlobals) = postSolution
		SolutionGuid = {B5120826-4662-40EA-B688-6D0FE0D99EE5}
	EndGlobalSection
EndGlobal
